
Microsoft Visual Studio Solution File, Format Version 12.00
# Visual Studio Version 17
VisualStudioVersion = 17.9.34723.18
MinimumVisualStudioVersion = 10.0.40219.1
Project("{FAE04EC0-301F-11D3-BF4B-00C04F79EFBC}") = "projectl-oop", "projectl-oop\projectl-oop.csproj", "{C6EF42FB-4E0A-4CA9-815D-9762871DD341}"
EndProject
Global
	GlobalSection(SolutionConfigurationPlatforms) = preSolution
		Debug|Any CPU = Debug|Any CPU
		Release|Any CPU = Release|Any CPU
	EndGlobalSection
	GlobalSection(ProjectConfigurationPlatforms) = postSolution
		{C6EF42FB-4E0A-4CA9-815D-9762871DD341}.Debug|Any CPU.ActiveCfg = Debug|Any CPU
		{C6EF42FB-4E0A-4CA9-815D-9762871DD341}.Debug|Any CPU.Build.0 = Debug|Any CPU
		{C6EF42FB-4E0A-4CA9-815D-9762871DD341}.Release|Any CPU.ActiveCfg = Release|Any CPU
		{C6EF42FB-4E0A-4CA9-815D-9762871DD341}.Release|Any CPU.Build.0 = Release|Any CPU
	EndGlobalSection
	GlobalSection(SolutionProperties) = preSolution
		HideSolutionNode = FALSE
	EndGlobalSection
	GlobalSection(ExtensibilityGlobals) = postSolution
		SolutionGuid = {42240A06-BBD0-4CDD-ABF6-A4B46CBA84B5}
	EndGlobalSection
EndGlobal
